{"1.1.0",
[{<<"acceptor_pool">>,{pkg,<<"acceptor_pool">>,<<"1.0.0-rc.0">>},1},
 {<<"basho_stats">>,{pkg,<<"basho_stats">>,<<"1.0.3">>},1},
 {<<"bear">>,
  {git,"git://github.com/basho/bear.git",
       {ref,"da820a13c607c3f816ee8b83c587266da5389761"}},
  2},
 {<<"blume">>,{pkg,<<"blume">>,<<"0.1.0">>},1},
 {<<"chash">>,{pkg,<<"chash">>,<<"0.1.2">>},1},
 {<<"clique">>,{pkg,<<"clique">>,<<"0.3.9">>},1},
 {<<"cuttlefish">>,
  {git,"https://github.com/lasp-lang/cuttlefish",
       {ref,"42d0aa275deeb8ae6640fa65053ec626f9cbff64"}},
  1},
 {<<"edown">>,
  {git,"git://github.com/uwiger/edown.git",
       {ref,"b7c8eb0ac1859f8fce11cbfe3526f5ec83194776"}},
  2},
 {<<"eleveldb">>,{pkg,<<"eleveldb">>,<<"2.2.20">>},1},
 {<<"exometer_core">>,
  {git,"git://github.com/basho/exometer_core.git",
       {ref,"3e1516837e15918a7514a78d5126199e3deac989"}},
  0},
 {<<"folsom">>,
  {git,"git://github.com/basho/folsom.git",
       {ref,"72944523b6467c9f7add5f1c96dd5020424a2681"}},
  1},
 {<<"getopt">>,
  {git,"https://github.com/jcomellas/getopt.git",
       {ref,"68fe326f2c7585eb32a5b136dffc75428a53fc02"}},
  2},
 {<<"goldrush">>,
  {git,"https://github.com/basho/goldrush.git",
       {ref,"8f1b715d36b650ec1e1f5612c00e28af6ab0de82"}},
  1},
 {<<"jam">>,{pkg,<<"jam">>,<<"1.0.0">>},1},
 {<<"lager">>,
  {git,"https://github.com/basho/lager.git",
       {ref,"81eaef0ce98fdbf64ab95665e3bc2ec4b24c7dac"}},
  0},
 {<<"meck">>,
  {git,"git://github.com/basho/meck.git",
       {ref,"dde759050eff19a1a80fd854d7375174b191665d"}},
  2},
 {<<"neotoma">>,
  {git,"https://github.com/basho/neotoma.git",
       {ref,"9e57d8ebd4ebb02c3e2428b08f3a01e2ff834ce2"}},
  2},
 {<<"parse_trans">>,
  {git,"git://github.com/uwiger/parse_trans.git",
       {ref,"a210adafdfbb904d156d8f22abd5fb58fc17de1e"}},
  1},
 {<<"partisan">>,
  {git,"git://github.com/lasp-lang/partisan",
       {ref,"d6e5baf310d7c05629507ed1d92d44393a3e6009"}},
  0},
 {<<"pbkdf2">>,
  {git,"git://github.com/marianoguerra/erlang-pbkdf2-no-history",
       {ref,"b8561cf72b13497ee498ce00bb80e5f2d24f512f"}},
  0},
 {<<"poolboy">>,{pkg,<<"basho_poolboy">>,<<"0.8.2">>},1},
 {<<"rand_compat">>,{pkg,<<"rand_compat">>,<<"0.0.3">>},1},
 {<<"riak_core">>,
  {git,"git://github.com/lasp-lang/riak_core",
       {ref,"c655788130b3d22d3231bf28484ec722fb6ccc0b"}},
  0},
 {<<"riak_ensemble">>,
  {git,"git://github.com/Kyorai/riak_ensemble",
       {ref,"1147a3f5e1ca164e80e934187d4e4ee2d0d67c53"}},
  0},
 {<<"riak_sysmon">>,{pkg,<<"riak_sysmon">>,<<"2.1.5">>},1},
 {<<"setup">>,
  {git,"git://github.com/basho/setup.git",
       {ref,"4878261b8859909569509ad67f6efefb735651f0"}},
  1},
 {<<"time_compat">>,{pkg,<<"time_compat">>,<<"0.0.1">>},1},
 {<<"types">>,{pkg,<<"types">>,<<"0.1.6">>},1}]}.
[
{pkg_hash,[
 {<<"acceptor_pool">>, <<"679D741DF87FC13599B1AEF2DF8F78F1F880449A6BEFAB7C44FB6FAE0E92A2DE">>},
 {<<"basho_stats">>, <<"7E1174151509C64FCC1934120ED32295E14F84DAAE7F84926BA2C8D3700D146C">>},
 {<<"blume">>, <<"62DDA46B43E24D4B8D5407B8F6DDB78EBD2A8CDC84D9BC822CDDAEF6F402F3EB">>},
 {<<"chash">>, <<"AF02484F2640C653C4B9A8557A14CA0704989DBEDB27E7CCBC442F1903A3BCA7">>},
 {<<"clique">>, <<"A56298B7582C1AC2C278F21D3C779CE3ECCE02AE06751DAA107441ED90DC5E69">>},
 {<<"eleveldb">>, <<"1FFF63A5055BBF4BF821F797EF76065882B193F5E8095F95FCD9287187773B58">>},
 {<<"jam">>, <<"ED9B180F2F3A775E6A47AC490954976802F0638C19A393F3E86D4BA4CF890582">>},
 {<<"poolboy">>, <<"AD5524BF4B8D30EEE0E5386847B74DAD739BB6AE1893F3AF10F54D427ACC96E4">>},
 {<<"rand_compat">>, <<"011646BC1F0B0C432FE101B816F25B9BBB74A085713CEE1DAFD2D62E9415EAD3">>},
 {<<"riak_sysmon">>, <<"2331BBCAEBE73EA7B2449F4C765827142476CC73D7D86999B4209EE005694D6B">>},
 {<<"time_compat">>, <<"23FE0AD1FDF3B5B88821B2D04B4B5E865BF587AE66056D671FE0F53514ED8139">>},
 {<<"types">>, <<"03BB7140016C896D3441A77CB0B7D6ACAA583D6D6E9C4A3E1FD3C25123710290">>}]}
].
